
Microsoft Visual Studio Solution File, Format Version 12.00
# Visual Studio Version 16
VisualStudioVersion = 16.0.29020.237
MinimumVisualStudioVersion = 10.0.40219.1
Project("{F2A71F9B-5D33-465A-A702-920D77279786}") = "Adult", "Adult.fsproj", "{3D4789F6-A188-40F8-B1E7-16E09F82721E}"
EndProject
Global
	GlobalSection(SolutionConfigurationPlatforms) = preSolution
		Debug|Any CPU = Debug|Any CPU
		Release|Any CPU = Release|Any CPU
	EndGlobalSection
	GlobalSection(ProjectConfigurationPlatforms) = postSolution
		{3D4789F6-A188-40F8-B1E7-16E09F82721E}.Debug|Any CPU.ActiveCfg = Debug|Any CPU
		{3D4789F6-A188-40F8-B1E7-16E09F82721E}.Debug|Any CPU.Build.0 = Debug|Any CPU
		{3D4789F6-A188-40F8-B1E7-16E09F82721E}.Release|Any CPU.ActiveCfg = Release|Any CPU
		{3D4789F6-A188-40F8-B1E7-16E09F82721E}.Release|Any CPU.Build.0 = Release|Any CPU
	EndGlobalSection
	GlobalSection(SolutionProperties) = preSolution
		HideSolutionNode = FALSE
	EndGlobalSection
	GlobalSection(ExtensibilityGlobals) = postSolution
		SolutionGuid = {2740983C-A671-4137-B1E0-58082A46C5A5}
	EndGlobalSection
EndGlobal
