
Microsoft Visual Studio Solution File, Format Version 12.00
# Visual Studio Version 16
VisualStudioVersion = 16.0.29123.88
MinimumVisualStudioVersion = 10.0.40219.1
Project("{FAE04EC0-301F-11D3-BF4B-00C04F79EFBC}") = "Abalone", "Abalone.csproj", "{C9C512BB-CA05-4F80-8031-21F8E7CBCCE0}"
EndProject
Global
	GlobalSection(SolutionConfigurationPlatforms) = preSolution
		Debug|Any CPU = Debug|Any CPU
		Release|Any CPU = Release|Any CPU
	EndGlobalSection
	GlobalSection(ProjectConfigurationPlatforms) = postSolution
		{C9C512BB-CA05-4F80-8031-21F8E7CBCCE0}.Debug|Any CPU.ActiveCfg = Debug|Any CPU
		{C9C512BB-CA05-4F80-8031-21F8E7CBCCE0}.Debug|Any CPU.Build.0 = Debug|Any CPU
		{C9C512BB-CA05-4F80-8031-21F8E7CBCCE0}.Release|Any CPU.ActiveCfg = Release|Any CPU
		{C9C512BB-CA05-4F80-8031-21F8E7CBCCE0}.Release|Any CPU.Build.0 = Release|Any CPU
	EndGlobalSection
	GlobalSection(SolutionProperties) = preSolution
		HideSolutionNode = FALSE
	EndGlobalSection
	GlobalSection(ExtensibilityGlobals) = postSolution
		SolutionGuid = {6A448813-82A6-49B7-87A5-0E166C1DE5A1}
	EndGlobalSection
EndGlobal
