
Microsoft Visual Studio Solution File, Format Version 12.00
# Visual Studio Version 16
VisualStudioVersion = 16.0.29020.237
MinimumVisualStudioVersion = 10.0.40219.1
Project("{F2A71F9B-5D33-465A-A702-920D77279786}") = "Abalone", "Abalone.fsproj", "{1268B720-9EB2-4D6D-882F-22C9B5DA08B9}"
EndProject
Global
	GlobalSection(SolutionConfigurationPlatforms) = preSolution
		Debug|Any CPU = Debug|Any CPU
		Release|Any CPU = Release|Any CPU
	EndGlobalSection
	GlobalSection(ProjectConfigurationPlatforms) = postSolution
		{1268B720-9EB2-4D6D-882F-22C9B5DA08B9}.Debug|Any CPU.ActiveCfg = Debug|Any CPU
		{1268B720-9EB2-4D6D-882F-22C9B5DA08B9}.Debug|Any CPU.Build.0 = Debug|Any CPU
		{1268B720-9EB2-4D6D-882F-22C9B5DA08B9}.Release|Any CPU.ActiveCfg = Release|Any CPU
		{1268B720-9EB2-4D6D-882F-22C9B5DA08B9}.Release|Any CPU.Build.0 = Release|Any CPU
	EndGlobalSection
	GlobalSection(SolutionProperties) = preSolution
		HideSolutionNode = FALSE
	EndGlobalSection
	GlobalSection(ExtensibilityGlobals) = postSolution
		SolutionGuid = {87FFB2E3-35D9-4DC9-8C24-536CEAC8C2F6}
	EndGlobalSection
EndGlobal
