
Microsoft Visual Studio Solution File, Format Version 12.00
# Visual Studio Version 16
VisualStudioVersion = 16.0.29020.237
MinimumVisualStudioVersion = 10.0.40219.1
Project("{F2A71F9B-5D33-465A-A702-920D77279786}") = "Autos", "Autos.fsproj", "{B5A70673-E49A-40ED-8420-F9C0E28A00B8}"
EndProject
Global
	GlobalSection(SolutionConfigurationPlatforms) = preSolution
		Debug|Any CPU = Debug|Any CPU
		Release|Any CPU = Release|Any CPU
	EndGlobalSection
	GlobalSection(ProjectConfigurationPlatforms) = postSolution
		{B5A70673-E49A-40ED-8420-F9C0E28A00B8}.Debug|Any CPU.ActiveCfg = Debug|Any CPU
		{B5A70673-E49A-40ED-8420-F9C0E28A00B8}.Debug|Any CPU.Build.0 = Debug|Any CPU
		{B5A70673-E49A-40ED-8420-F9C0E28A00B8}.Release|Any CPU.ActiveCfg = Release|Any CPU
		{B5A70673-E49A-40ED-8420-F9C0E28A00B8}.Release|Any CPU.Build.0 = Release|Any CPU
	EndGlobalSection
	GlobalSection(SolutionProperties) = preSolution
		HideSolutionNode = FALSE
	EndGlobalSection
	GlobalSection(ExtensibilityGlobals) = postSolution
		SolutionGuid = {F05D5D4B-5090-4680-A1B6-C5B1B96C05A0}
	EndGlobalSection
EndGlobal
